
Microsoft Visual Studio Solution File, Format Version 12.00
# Visual Studio Version 17
VisualStudioVersion = 17.14.36221.1 d17.14
MinimumVisualStudioVersion = 10.0.40219.1
Project("{FAE04EC0-301F-11D3-BF4B-00C04F79EFBC}") = "Gestao-Escolar", "Gestao-Escolar\Gestao-Escolar.csproj", "{6FB02393-6208-4098-B3B9-811B81296FB2}"
EndProject
Project("{FAE04EC0-301F-11D3-BF4B-00C04F79EFBC}") = "BibliotecaDados", "BibliotecaDados\BibliotecaDados.csproj", "{DA1AC069-E738-4A43-9A14-E12DB066D115}"
EndProject
Project("{FAE04EC0-301F-11D3-BF4B-00C04F79EFBC}") = "BibliotecaEntidade", "BibliotecaEntidade\BibliotecaEntidade.csproj", "{B9C5F560-708C-41BD-8ABF-6CE4CB2B0176}"
EndProject
Project("{FAE04EC0-301F-11D3-BF4B-00C04F79EFBC}") = "BibliotecaNegocio", "BibliotecaNegocio\BibliotecaNegocio.csproj", "{B30E1AB5-8D25-4927-BAA0-41FB21A0EC6E}"
EndProject
Global
	GlobalSection(SolutionConfigurationPlatforms) = preSolution
		Debug|Any CPU = Debug|Any CPU
		Release|Any CPU = Release|Any CPU
	EndGlobalSection
	GlobalSection(ProjectConfigurationPlatforms) = postSolution
		{6FB02393-6208-4098-B3B9-811B81296FB2}.Debug|Any CPU.ActiveCfg = Debug|Any CPU
		{6FB02393-6208-4098-B3B9-811B81296FB2}.Debug|Any CPU.Build.0 = Debug|Any CPU
		{6FB02393-6208-4098-B3B9-811B81296FB2}.Release|Any CPU.ActiveCfg = Release|Any CPU
		{6FB02393-6208-4098-B3B9-811B81296FB2}.Release|Any CPU.Build.0 = Release|Any CPU
		{DA1AC069-E738-4A43-9A14-E12DB066D115}.Debug|Any CPU.ActiveCfg = Debug|Any CPU
		{DA1AC069-E738-4A43-9A14-E12DB066D115}.Debug|Any CPU.Build.0 = Debug|Any CPU
		{DA1AC069-E738-4A43-9A14-E12DB066D115}.Release|Any CPU.ActiveCfg = Release|Any CPU
		{DA1AC069-E738-4A43-9A14-E12DB066D115}.Release|Any CPU.Build.0 = Release|Any CPU
		{B9C5F560-708C-41BD-8ABF-6CE4CB2B0176}.Debug|Any CPU.ActiveCfg = Debug|Any CPU
		{B9C5F560-708C-41BD-8ABF-6CE4CB2B0176}.Debug|Any CPU.Build.0 = Debug|Any CPU
		{B9C5F560-708C-41BD-8ABF-6CE4CB2B0176}.Release|Any CPU.ActiveCfg = Release|Any CPU
		{B9C5F560-708C-41BD-8ABF-6CE4CB2B0176}.Release|Any CPU.Build.0 = Release|Any CPU
		{B30E1AB5-8D25-4927-BAA0-41FB21A0EC6E}.Debug|Any CPU.ActiveCfg = Debug|Any CPU
		{B30E1AB5-8D25-4927-BAA0-41FB21A0EC6E}.Debug|Any CPU.Build.0 = Debug|Any CPU
		{B30E1AB5-8D25-4927-BAA0-41FB21A0EC6E}.Release|Any CPU.ActiveCfg = Release|Any CPU
		{B30E1AB5-8D25-4927-BAA0-41FB21A0EC6E}.Release|Any CPU.Build.0 = Release|Any CPU
	EndGlobalSection
	GlobalSection(SolutionProperties) = preSolution
		HideSolutionNode = FALSE
	EndGlobalSection
	GlobalSection(ExtensibilityGlobals) = postSolution
		SolutionGuid = {FFC9F2BF-14B9-40CB-9FD0-EA5687CFCF72}
	EndGlobalSection
EndGlobal
